# This file is automatically @generated by Cargo.
# It is not intended for manual editing.
version = 3

[[package]]
name = "energy-allocation"
version = "0.1.0"
dependencies = [
 "serde",
 "serde_json",
 "tokio",
]

[[package]]
name = "proc-macro2"
version = "1.0.86"

[[package]]
name = "quote"
version = "1.0.36"

[[package]]
name = "serde"
version = "1.0.204"

[[package]]
name = "serde_json"
version = "1.0.120"

[[package]]
name = "syn"
version = "2.0.72"

[[package]]
name = "tokio"
version = "1.38.1"
